
Microsoft Visual Studio Solution File, Format Version 12.00
# Visual Studio Version 16
VisualStudioVersion = 16.0.31702.278
MinimumVisualStudioVersion = 10.0.40219.1
Project("{FAE04EC0-301F-11D3-BF4B-00C04F79EFBC}") = "PL", "lab5\PL.csproj", "{4000BD6D-1566-4418-B300-9279673DC5B7}"
EndProject
Project("{FAE04EC0-301F-11D3-BF4B-00C04F79EFBC}") = "BLL", "BLL\BLL.csproj", "{3CBF5A07-7413-4996-B923-D519E4147A41}"
EndProject
Project("{FAE04EC0-301F-11D3-BF4B-00C04F79EFBC}") = "DAL", "DAL\DAL.csproj", "{B0D1DBC0-AF5D-4C94-B36B-9312627DB135}"
EndProject
Project("{FAE04EC0-301F-11D3-BF4B-00C04F79EFBC}") = "DALTests", "DALTests\DALTests.csproj", "{43FB916D-28BD-43C7-96F2-AF506EC0F1C9}"
EndProject
Global
	GlobalSection(SolutionConfigurationPlatforms) = preSolution
		Debug|Any CPU = Debug|Any CPU
		Release|Any CPU = Release|Any CPU
	EndGlobalSection
	GlobalSection(ProjectConfigurationPlatforms) = postSolution
		{4000BD6D-1566-4418-B300-9279673DC5B7}.Debug|Any CPU.ActiveCfg = Debug|Any CPU
		{4000BD6D-1566-4418-B300-9279673DC5B7}.Debug|Any CPU.Build.0 = Debug|Any CPU
		{4000BD6D-1566-4418-B300-9279673DC5B7}.Release|Any CPU.ActiveCfg = Release|Any CPU
		{4000BD6D-1566-4418-B300-9279673DC5B7}.Release|Any CPU.Build.0 = Release|Any CPU
		{3CBF5A07-7413-4996-B923-D519E4147A41}.Debug|Any CPU.ActiveCfg = Debug|Any CPU
		{3CBF5A07-7413-4996-B923-D519E4147A41}.Debug|Any CPU.Build.0 = Debug|Any CPU
		{3CBF5A07-7413-4996-B923-D519E4147A41}.Release|Any CPU.ActiveCfg = Release|Any CPU
		{3CBF5A07-7413-4996-B923-D519E4147A41}.Release|Any CPU.Build.0 = Release|Any CPU
		{B0D1DBC0-AF5D-4C94-B36B-9312627DB135}.Debug|Any CPU.ActiveCfg = Debug|Any CPU
		{B0D1DBC0-AF5D-4C94-B36B-9312627DB135}.Debug|Any CPU.Build.0 = Debug|Any CPU
		{B0D1DBC0-AF5D-4C94-B36B-9312627DB135}.Release|Any CPU.ActiveCfg = Release|Any CPU
		{B0D1DBC0-AF5D-4C94-B36B-9312627DB135}.Release|Any CPU.Build.0 = Release|Any CPU
		{43FB916D-28BD-43C7-96F2-AF506EC0F1C9}.Debug|Any CPU.ActiveCfg = Debug|Any CPU
		{43FB916D-28BD-43C7-96F2-AF506EC0F1C9}.Debug|Any CPU.Build.0 = Debug|Any CPU
		{43FB916D-28BD-43C7-96F2-AF506EC0F1C9}.Release|Any CPU.ActiveCfg = Release|Any CPU
		{43FB916D-28BD-43C7-96F2-AF506EC0F1C9}.Release|Any CPU.Build.0 = Release|Any CPU
	EndGlobalSection
	GlobalSection(SolutionProperties) = preSolution
		HideSolutionNode = FALSE
	EndGlobalSection
	GlobalSection(ExtensibilityGlobals) = postSolution
		SolutionGuid = {97818EB6-C4F2-4B84-A022-7B557F16573D}
	EndGlobalSection
EndGlobal
